
Microsoft Visual Studio Solution File, Format Version 12.00
# Visual Studio Version 17
VisualStudioVersion = 17.3.32929.385
MinimumVisualStudioVersion = 10.0.40219.1
Project("{9A19103F-16F7-4668-BE54-9A1E7A4F7556}") = "DatabaseBackupService", "DatabaseBackupService\DatabaseBackupService.csproj", "{16A2723A-CAF9-4A6D-BFFD-DCA13EFCAB56}"
EndProject
Global
	GlobalSection(SolutionConfigurationPlatforms) = preSolution
		Debug|Any CPU = Debug|Any CPU
		Release|Any CPU = Release|Any CPU
	EndGlobalSection
	GlobalSection(ProjectConfigurationPlatforms) = postSolution
		{16A2723A-CAF9-4A6D-BFFD-DCA13EFCAB56}.Debug|Any CPU.ActiveCfg = Debug|Any CPU
		{16A2723A-CAF9-4A6D-BFFD-DCA13EFCAB56}.Debug|Any CPU.Build.0 = Debug|Any CPU
		{16A2723A-CAF9-4A6D-BFFD-DCA13EFCAB56}.Release|Any CPU.ActiveCfg = Release|Any CPU
		{16A2723A-CAF9-4A6D-BFFD-DCA13EFCAB56}.Release|Any CPU.Build.0 = Release|Any CPU
	EndGlobalSection
	GlobalSection(SolutionProperties) = preSolution
		HideSolutionNode = FALSE
	EndGlobalSection
	GlobalSection(ExtensibilityGlobals) = postSolution
		SolutionGuid = {1D60A0E2-F31B-4284-B0F6-4D6F4AF5723E}
	EndGlobalSection
EndGlobal
